<Solution>
  <Project Path="D:/Projects/TSQL/TSQL/TSQL.csproj" />
  <Project Path="TSQL.Benchmarks/TSQL.Benchmarks.csproj" Id="27f1e608-ae02-412e-82b2-0ccff157aeb9" />
  <Project Path="TSQL.Generators/TSQL.Generators.csproj" />
  <Project Path="TSQL.Tests/TSQL.Tests.csproj" Id="a700ed39-4a7c-4c1d-a98a-b4903563ebdf" />
</Solution>
